{
  "name": "slash-hn",
  "version": "0.1.1",
  "lockfileVersion": 3,
  "requires": true,
  "packages": {
    "": {
      "name": "slash-hn",
      "version": "0.1.1",
      "license": "MIT",
      "dependencies": {
        "sweet-cookie-local": "file:../slash-x/vendor/sweet-cookie"
      },
      "bin": {
        "shn": "cli.mjs",
        "slash-hn": "cli.mjs"
      },
      "engines": {
        "node": ">=22"
      }
    },
    "../slash-x/vendor/sweet-cookie": {
      "name": "sweet-cookie-local",
      "version": "0.1.0",
      "license": "MIT",
      "engines": {
        "node": ">=22"
      }
    },
    "node_modules/sweet-cookie-local": {
      "resolved": "../slash-x/vendor/sweet-cookie",
      "link": true
    }
  }
}
